lockfileVersion: '9.0'

settings:
  autoInstallPeers: true
  excludeLinksFromLockfile: false

importers:

  .:
    dependencies:
      paystack-node:
        specifier: file:..
        version: file:..

packages:

  cookie@1.0.1:
    resolution: {integrity: sha512-Xd8lFX4LM9QEEwxQpF9J9NTUh8pmdJO0cyRJhFiDoLTk2eH8FXlRv2IFGYVadZpqI3j8fhNrSdKCeYPxiAhLXw==}
    engines: {node: '>=18'}

  paystack-node@file:..:
    resolution: {directory: .., type: directory}

  zod@3.23.8:
    resolution: {integrity: sha512-XBx9AXhXktjUqnepgTiE5flcKIYWi/rme0Eaj+5Y0lftuGBq+jyRu/md4WnuxqgP1ubdpNCsYEYPxrzVHD8d6g==}

snapshots:

  cookie@1.0.1: {}

  paystack-node@file:..:
    dependencies:
      cookie: 1.0.1
      zod: 3.23.8

  zod@3.23.8: {}
